version = 1
revision = 3
requires-python = ">=3.9"
resolution-markers = [
    "python_full_version >= '3.10'",
    "python_full_version < '3.10'",
]

[[package]]
name = "attrs"
version = "23.2.0"
source = { registry = "https://pypi.org/simple" }
sdist = { url = "https://files.pythonhosted.org/packages/e3/fc/f800d51204003fa8ae392c4e8278f256206e7a919b708eef054f5f4b650d/attrs-23.2.0.tar.gz", hash = "sha256:935dc3b529c262f6cf76e50877d35a4bd3c1de194fd41f47a2b7ae8f19971f30", size = 780820, upload-time = "2023-12-31T06:30:32.926Z" }
wheels = [
    { url = "https://files.pythonhosted.org/packages/e0/44/827b2a91a5816512fcaf3cc4ebc465ccd5d598c45cefa6703fcf4a79018f/attrs-23.2.0-py3-none-any.whl", hash = "sha256:99b87a485a5820b23b879f04c2305b44b951b502fd64be915879d77a7e8fc6f1", size = 60752, upload-time = "2023-12-31T06:30:30.772Z" },
]

[[package]]
name = "colorama"
version = "0.4.6"
source = { registry = "https://pypi.org/simple" }
sdist = { url = "https://files.pythonhosted.org/packages/d8/53/6f443c9a4a8358a93a6792e2acffb9d9d5cb0a5cfd8802644b7b1c9a02e4/colorama-0.4.6.tar.gz", hash = "sha256:08695f5cb7ed6e0531a20572697297273c47b8cae5a63ffc6d6ed5c201be6e44", size = 27697, upload-time = "2022-10-25T02:36:22.414Z" }
wheels = [
    { url = "https://files.pythonhosted.org/packages/d1/d6/3965ed04c63042e047cb6a3e6ed1a63a35087b6a609aa3a15ed8ac56c221/colorama-0.4.6-py2.py3-none-any.whl", hash = "sha256:4f1d9991f5acc0ca119f9d443620b77f9d6b33703e51011c16baf57afb285fc6", size = 25335, upload-time = "2022-10-25T02:36:20.889Z" },
]

[[package]]
name = "coverage"
version = "7.5.3"
source = { registry = "https://pypi.org/simple" }
sdist = { url = "https://files.pythonhosted.org/packages/6c/a5/62ae2dc1850feabb74207a422d00893f451ee0950e52792eb208970a30b1/coverage-7.5.3.tar.gz", hash = "sha256:04aefca5190d1dc7a53a4c1a5a7f8568811306d7a8ee231c42fb69215571944f", size = 786184, upload-time = "2024-05-28T14:05:58.017Z" }
wheels = [
    { url = "https://files.pythonhosted.org/packages/c1/c5/2636e073f656ccda6a6bffbc5b1803c4d64075dedaae176b7a616278f68d/coverage-7.5.3-cp310-cp310-macosx_10_9_x86_64.whl", hash = "sha256:a6519d917abb15e12380406d721e37613e2a67d166f9fb7e5a8ce0375744cd45", size = 204148, upload-time = "2024-05-28T14:03:57.019Z" },
    { url = "https://files.pythonhosted.org/packages/f3/7a/8cb117c4d51f599d797e626fa7ac85d1572fb8d98e746eb5c1465af168f3/coverage-7.5.3-cp310-cp310-macosx_11_0_arm64.whl", hash = "sha256:aea7da970f1feccf48be7335f8b2ca64baf9b589d79e05b9397a06696ce1a1ec", size = 204628, upload-time = "2024-05-28T14:04:00.429Z" },
    { url = "https://files.pythonhosted.org/packages/ca/70/1647300bf3a2517125a5d851470174323c1fead93c53208d755a2f4b1618/coverage-7.5.3-cp310-cp310-manylinux_2_17_aarch64.manylinux2014_aarch64.whl", hash = "sha256:923b7b1c717bd0f0f92d862d1ff51d9b2b55dbbd133e05680204465f454bb286", size = 232517, upload-time = "2024-05-28T14:04:03.071Z" },
    { url = "https://files.pythonhosted.org/packages/80/97/47151c4a3a664146a76649c8184afd5e26fa156c104443def877f5e06b75/coverage-7.5.3-cp310-cp310-manylinux_2_5_i686.manylinux1_i686.manylinux_2_17_i686.manylinux2014_i686.whl", hash = "sha256:62bda40da1e68898186f274f832ef3e759ce929da9a9fd9fcf265956de269dbc", size = 230797, upload-time = "2024-05-28T14:04:05.906Z" },
    { url = "https://files.pythonhosted.org/packages/10/77/9d65122b73f2cfa14744286adc3c1f88bdef49ffd628076429ae59e8fa21/coverage-7.5.3-cp310-cp310-manylinux_2_5_x86_64.manylinux1_x86_64.manylinux_2_17_x86_64.manylinux2014_x86_64.whl", hash = "sha256:d8b7339180d00de83e930358223c617cc343dd08e1aa5ec7b06c3a121aec4e1d", size = 231590, upload-time = "2024-05-28T14:04:08.146Z" },
    { url = "https://files.pythonhosted.org/packages/42/c7/d4a0b38a9e70f5864b01a7aae430078e326ea73c435e1166f58c1abe4ff9/coverage-7.5.3-cp310-cp310-musllinux_1_1_aarch64.whl", hash = "sha256:25a5caf742c6195e08002d3b6c2dd6947e50efc5fc2c2205f61ecb47592d2d83", size = 237657, upload-time = "2024-05-28T14:04:10.203Z" },
    { url = "https://files.pythonhosted.org/packages/c2/5a/a1cfd01f864763ac356c4029c5ee24943460c1d6e66017dce543eef9415b/coverage-7.5.3-cp310-cp310-musllinux_1_1_i686.whl", hash = "sha256:05ac5f60faa0c704c0f7e6a5cbfd6f02101ed05e0aee4d2822637a9e672c998d", size = 235849, upload-time = "2024-05-28T14:04:12.239Z" },
    { url = "https://files.pythonhosted.org/packages/1f/c1/6ad06fc6fc7ee68bcdb242c237adb2fd580db23aa65a6745320f43b5ae9c/coverage-7.5.3-cp310-cp310-musllinux_1_1_x86_64.whl", hash = "sha256:239a4e75e09c2b12ea478d28815acf83334d32e722e7433471fbf641c606344c", size = 237033, upload-time = "2024-05-28T14:04:14.102Z" },
    { url = "https://files.pythonhosted.org/packages/e3/fe/fce5a3139fd50c168a7c46624d52dffb1a3a21652e71c3f963a829b1c1d4/coverage-7.5.3-cp310-cp310-win32.whl", hash = "sha256:a5812840d1d00eafae6585aba38021f90a705a25b8216ec7f66aebe5b619fb84", size = 206515, upload-time = "2024-05-28T14:04:16.31Z" },
    { url = "https://files.pythonhosted.org/packages/bc/a6/65a534068389098e248836193a663d512d0806e1a1f9f1114466585d4dcc/coverage-7.5.3-cp310-cp310-win_amd64.whl", hash = "sha256:33ca90a0eb29225f195e30684ba4a6db05dbef03c2ccd50b9077714c48153cac", size = 207352, upload-time = "2024-05-28T14:04:18.446Z" },
    { url = "https://files.pythonhosted.org/packages/8c/77/6fb0a12edb21c02541a8fa59c5c51fb49f929b03aa9c773478136440b521/coverage-7.5.3-cp311-cp311-macosx_10_9_x86_64.whl", hash = "sha256:f81bc26d609bf0fbc622c7122ba6307993c83c795d2d6f6f6fd8c000a770d974", size = 204256, upload-time = "2024-05-28T14:04:20.283Z" },
    { url = "https://files.pythonhosted.org/packages/0c/7a/9beb9fb10c3918d1bd17e15f5da4b099c877f74194881862bdde59d3ec3b/coverage-7.5.3-cp311-cp311-macosx_11_0_arm64.whl", hash = "sha256:7cec2af81f9e7569280822be68bd57e51b86d42e59ea30d10ebdbb22d2cb7232", size = 204741, upload-time = "2024-05-28T14:04:22.314Z" },
    { url = "https://files.pythonhosted.org/packages/1c/72/bb1d787e91e34694cbc1087eba5e2ed69f093044e92e6f19a5db3c252605/coverage-7.5.3-cp311-cp311-manylinux_2_17_aarch64.manylinux2014_aarch64.whl", hash = "sha256:55f689f846661e3f26efa535071775d0483388a1ccfab899df72924805e9e7cd", size = 236169, upload-time = "2024-05-28T14:04:24.527Z" },
    { url = "https://files.pythonhosted.org/packages/87/dd/3d5f1ca010d3853b530f73d16d575bdaad1302466f9ad9c5197d6dbc3c72/coverage-7.5.3-cp311-cp311-manylinux_2_5_i686.manylinux1_i686.manylinux_2_17_i686.manylinux2014_i686.whl", hash = "sha256:50084d3516aa263791198913a17354bd1dc627d3c1639209640b9cac3fef5807", size = 233743, upload-time = "2024-05-28T14:04:26.787Z" },
    { url = "https://files.pythonhosted.org/packages/9c/38/d8d6616b3c5da0b6d6ab99a0141f8ba80e979596b360196240c96a67ac11/coverage-7.5.3-cp311-cp311-manylinux_2_5_x86_64.manylinux1_x86_64.manylinux_2_17_x86_64.manylinux2014_x86_64.whl", hash = "sha256:341dd8f61c26337c37988345ca5c8ccabeff33093a26953a1ac72e7d0103c4fb", size = 235441, upload-time = "2024-05-28T14:04:28.818Z" },
    { url = "https://files.pythonhosted.org/packages/7b/88/e575fa69f859a1bd6d6cdc9b9d965d135be9cef893ef7e01e237142b6bcb/coverage-7.5.3-cp311-cp311-musllinux_1_1_aarch64.whl", hash = "sha256:ab0b028165eea880af12f66086694768f2c3139b2c31ad5e032c8edbafca6ffc", size = 244538, upload-time = "2024-05-28T14:04:31.194Z" },
    { url = "https://files.pythonhosted.org/packages/f7/7b/c7b26c4824a58ef4511cd314e816b53573fbb25dc987c20a5bed6d44926b/coverage-7.5.3-cp311-cp311-musllinux_1_1_i686.whl", hash = "sha256:5bc5a8c87714b0c67cfeb4c7caa82b2d71e8864d1a46aa990b5588fa953673b8", size = 242915, upload-time = "2024-05-28T14:04:33.879Z" },
    { url = "https://files.pythonhosted.org/packages/8c/1d/45299174011063aa2fcfe1dc4a25aae2722decf611fb0ee38fab4d18f62e/coverage-7.5.3-cp311-cp311-musllinux_1_1_x86_64.whl", hash = "sha256:38a3b98dae8a7c9057bd91fbf3415c05e700a5114c5f1b5b0ea5f8f429ba6614", size = 243994, upload-time = "2024-05-28T14:04:35.986Z" },
    { url = "https://files.pythonhosted.org/packages/65/f6/debe265565e253663dbe6ab49ab4422f16849b09276e43858b54b68037e4/coverage-7.5.3-cp311-cp311-win32.whl", hash = "sha256:fcf7d1d6f5da887ca04302db8e0e0cf56ce9a5e05f202720e49b3e8157ddb9a9", size = 206517, upload-time = "2024-05-28T14:04:37.947Z" },
    { url = "https://files.pythonhosted.org/packages/3d/63/2d9474c5d2bc866309728de71cbd5fbf64824de88f8a35c8a76a7e658ac4/coverage-7.5.3-cp311-cp311-win_amd64.whl", hash = "sha256:8c836309931839cca658a78a888dab9676b5c988d0dd34ca247f5f3e679f4e7a", size = 207455, upload-time = "2024-05-28T14:04:39.803Z" },
    { url = "https://files.pythonhosted.org/packages/a7/d0/13db7cfb493bfe778d76272cbc5feb5f6823395098c95a034ff948e92e6a/coverage-7.5.3-cp312-cp312-macosx_10_9_x86_64.whl", hash = "sha256:296a7d9bbc598e8744c00f7a6cecf1da9b30ae9ad51c566291ff1314e6cbbed8", size = 204464, upload-time = "2024-05-28T14:04:41.949Z" },
    { url = "https://files.pythonhosted.org/packages/01/ab/6851d4be3a6b84ae094c7f0b1ffdfbea1ab4c8baec7caeb0fbf4bea4c386/coverage-7.5.3-cp312-cp312-macosx_11_0_arm64.whl", hash = "sha256:34d6d21d8795a97b14d503dcaf74226ae51eb1f2bd41015d3ef332a24d0a17b3", size = 204735, upload-time = "2024-05-28T14:04:44.255Z" },
    { url = "https://files.pythonhosted.org/packages/9f/04/59e823c1a280e87418ffa4b25ce26c7a096615a71d49fa895df458e603c0/coverage-7.5.3-cp312-cp312-manylinux_2_17_aarch64.manylinux2014_aarch64.whl", hash = "sha256:8e317953bb4c074c06c798a11dbdd2cf9979dbcaa8ccc0fa4701d80042d4ebf1", size = 237047, upload-time = "2024-05-28T14:04:46.683Z" },
    { url = "https://files.pythonhosted.org/packages/1c/7d/912c3d3e26b6dfeff59fc95870ef04b0c1c6d485d9b35f44e0ee60ec0710/coverage-7.5.3-cp312-cp312-manylinux_2_5_i686.manylinux1_i686.manylinux_2_17_i686.manylinux2014_i686.whl", hash = "sha256:705f3d7c2b098c40f5b81790a5fedb274113373d4d1a69e65f8b68b0cc26f6db", size = 234415, upload-time = "2024-05-28T14:04:48.592Z" },
    { url = "https://files.pythonhosted.org/packages/0e/39/c44111cfc5e40fc1681a41b96911fba6560b51172b59c204b08b75d58495/coverage-7.5.3-cp312-cp312-manylinux_2_5_x86_64.manylinux1_x86_64.manylinux_2_17_x86_64.manylinux2014_x86_64.whl", hash = "sha256:b1196e13c45e327d6cd0b6e471530a1882f1017eb83c6229fc613cd1a11b53cd", size = 236350, upload-time = "2024-05-28T14:04:50.716Z" },
    { url = "https://files.pythonhosted.org/packages/e5/d8/1fa23613b995a6c20087ccb9159e8ba881b17ba68ca0f684ef034e5493bf/coverage-7.5.3-cp312-cp312-musllinux_1_1_aarch64.whl", hash = "sha256:015eddc5ccd5364dcb902eaecf9515636806fa1e0d5bef5769d06d0f31b54523", size = 243293, upload-time = "2024-05-28T14:04:52.765Z" },
    { url = "https://files.pythonhosted.org/packages/61/fa/a72c9a328e578f095b95b0eeb96334f3cfa0b76a4057c7217ea96a55b749/coverage-7.5.3-cp312-cp312-musllinux_1_1_i686.whl", hash = "sha256:fd27d8b49e574e50caa65196d908f80e4dff64d7e592d0c59788b45aad7e8b35", size = 241194, upload-time = "2024-05-28T14:04:55.486Z" },
    { url = "https://files.pythonhosted.org/packages/48/f4/61b6e74aca0105ce12c38dd180eb4b5084695810bf2b53cd758ce845cec0/coverage-7.5.3-cp312-cp312-musllinux_1_1_x86_64.whl", hash = "sha256:33fc65740267222fc02975c061eb7167185fef4cc8f2770267ee8bf7d6a42f84", size = 242936, upload-time = "2024-05-28T14:04:57.307Z" },
    { url = "https://files.pythonhosted.org/packages/ee/73/3682ffb23c3cf323b88d670af7f2001b31bcaa250c7eeab3220f2adb1721/coverage-7.5.3-cp312-cp312-win32.whl", hash = "sha256:7b2a19e13dfb5c8e145c7a6ea959485ee8e2204699903c88c7d25283584bfc08", size = 206771, upload-time = "2024-05-28T14:05:00.223Z" },
    { url = "https://files.pythonhosted.org/packages/d8/86/a12c544cfa2ba5265f3bafa15283fe9e99aa773db216b6da94085cb48529/coverage-7.5.3-cp312-cp312-win_amd64.whl", hash = "sha256:0bbddc54bbacfc09b3edaec644d4ac90c08ee8ed4844b0f86227dcda2d428fcb", size = 207598, upload-time = "2024-05-28T14:05:03.036Z" },
    { url = "https://files.pythonhosted.org/packages/57/99/ccb1e4f40688d793ac54407fc86d120c6816ae99b747b47d3e2cc1067457/coverage-7.5.3-cp39-cp39-macosx_10_9_x86_64.whl", hash = "sha256:f5102a92855d518b0996eb197772f5ac2a527c0ec617124ad5242a3af5e25f85", size = 204137, upload-time = "2024-05-28T14:05:30.736Z" },
    { url = "https://files.pythonhosted.org/packages/65/af/3b0268da4cba77f3dda012bafe90b8cbf163713ac92b3cc237ff794bf277/coverage-7.5.3-cp39-cp39-macosx_11_0_arm64.whl", hash = "sha256:d1da0a2e3b37b745a2b2a678a4c796462cf753aebf94edcc87dcc6b8641eae31", size = 204617, upload-time = "2024-05-28T14:05:33.276Z" },
    { url = "https://files.pythonhosted.org/packages/30/ab/701129bdffd493d59070b238238d25ad8882f4967d44f7a399833a5585ae/coverage-7.5.3-cp39-cp39-manylinux_2_17_aarch64.manylinux2014_aarch64.whl", hash = "sha256:8383a6c8cefba1b7cecc0149415046b6fc38836295bc4c84e820872eb5478b3d", size = 232118, upload-time = "2024-05-28T14:05:35.873Z" },
    { url = "https://files.pythonhosted.org/packages/e7/10/ad84d019b8d72e92fb908a0524a190f7212062f89360099907b7a812dc65/coverage-7.5.3-cp39-cp39-manylinux_2_5_i686.manylinux1_i686.manylinux_2_17_i686.manylinux2014_i686.whl", hash = "sha256:9aad68c3f2566dfae84bf46295a79e79d904e1c21ccfc66de88cd446f8686341", size = 230408, upload-time = "2024-05-28T14:05:37.751Z" },
    { url = "https://files.pythonhosted.org/packages/07/e0/0e30ca5c6c5bcae86df9583c30807ff26e0b991e76f266b81224410663e4/coverage-7.5.3-cp39-cp39-manylinux_2_5_x86_64.manylinux1_x86_64.manylinux_2_17_x86_64.manylinux2014_x86_64.whl", hash = "sha256:2e079c9ec772fedbade9d7ebc36202a1d9ef7291bc9b3a024ca395c4d52853d7", size = 231194, upload-time = "2024-05-28T14:05:40.252Z" },
    { url = "https://files.pythonhosted.org/packages/93/3b/dbca2db3a60ed8543a0c815bf83875bf549e02fe6df4baa736216dfb33ae/coverage-7.5.3-cp39-cp39-musllinux_1_1_aarch64.whl", hash = "sha256:bde997cac85fcac227b27d4fb2c7608a2c5f6558469b0eb704c5726ae49e1c52", size = 237240, upload-time = "2024-05-28T14:05:42.931Z" },
    { url = "https://files.pythonhosted.org/packages/3c/66/6f06c86471c79ebff4a300390b5fe1d3b2b9101995075e48d096092ddb6d/coverage-7.5.3-cp39-cp39-musllinux_1_1_i686.whl", hash = "sha256:990fb20b32990b2ce2c5f974c3e738c9358b2735bc05075d50a6f36721b8f303", size = 235435, upload-time = "2024-05-28T14:05:44.908Z" },
    { url = "https://files.pythonhosted.org/packages/36/82/116efdd87a81ec86d4a4fbaf7f132dd6beb233c00b4d2374cf2981aaeecd/coverage-7.5.3-cp39-cp39-musllinux_1_1_x86_64.whl", hash = "sha256:3d5a67f0da401e105753d474369ab034c7bae51a4c31c77d94030d59e41df5bd", size = 236590, upload-time = "2024-05-28T14:05:47.375Z" },
    { url = "https://files.pythonhosted.org/packages/83/86/e9bad290b5efacab5ef57abcf03ab72c60dd15b5d35e75432511bbe96557/coverage-7.5.3-cp39-cp39-win32.whl", hash = "sha256:e08c470c2eb01977d221fd87495b44867a56d4d594f43739a8028f8646a51e0d", size = 206528, upload-time = "2024-05-28T14:05:50.105Z" },
    { url = "https://files.pythonhosted.org/packages/63/67/a38778e73b2dd90ce87aee064ebf2b73ac923c61cf594c6b2a50f3870c6b/coverage-7.5.3-cp39-cp39-win_amd64.whl", hash = "sha256:1d2a830ade66d3563bb61d1e3c77c8def97b30ed91e166c67d0632c018f380f0", size = 207380, upload-time = "2024-05-28T14:05:52.804Z" },
    { url = "https://files.pythonhosted.org/packages/f6/c9/7953a450762a62abbaf0a65b67fe406b3b515a755139b3db662da441ac87/coverage-7.5.3-pp38.pp39.pp310-none-any.whl", hash = "sha256:3538d8fb1ee9bdd2e2692b3b18c22bb1c19ffbefd06880f5ac496e42d7bb3884", size = 196510, upload-time = "2024-05-28T14:05:54.675Z" },
]

[package.optional-dependencies]
toml = [
    { name = "tomli", marker = "python_full_version <= '3.11'" },
]

[[package]]
name = "exceptiongroup"
version = "1.2.1"
source = { registry = "https://pypi.org/simple" }
sdist = { url = "https://files.pythonhosted.org/packages/a0/65/d66b7fbaef021b3c954b3bbb196d21d8a4b97918ea524f82cfae474215af/exceptiongroup-1.2.1.tar.gz", hash = "sha256:a4785e48b045528f5bfe627b6ad554ff32def154f42372786903b7abcfe1aa16", size = 28717, upload-time = "2024-04-18T21:19:14.118Z" }
wheels = [
    { url = "https://files.pythonhosted.org/packages/01/90/79fe92dd413a9cab314ef5c591b5aa9b9ba787ae4cadab75055b0ae00b33/exceptiongroup-1.2.1-py3-none-any.whl", hash = "sha256:5258b9ed329c5bbdd31a309f53cbfb0b155341807f6ff7606a1e801a891b29ad", size = 16458, upload-time = "2024-04-18T21:19:11.799Z" },
]

[[package]]
name = "hypothesis"
version = "6.141.1"
source = { registry = "https://pypi.org/simple" }
resolution-markers = [
    "python_full_version < '3.10'",
]
dependencies = [
    { name = "attrs", marker = "python_full_version < '3.10'" },
    { name = "exceptiongroup", marker = "python_full_version < '3.10'" },
    { name = "sortedcontainers", marker = "python_full_version < '3.10'" },
]
sdist = { url = "https://files.pythonhosted.org/packages/85/20/8aa62b3e69fea68bb30d35d50be5395c98979013acd8152d64dc927e4cdb/hypothesis-6.141.1.tar.gz", hash = "sha256:8ef356e1e18fbeaa8015aab3c805303b7fe4b868e5b506e87ad83c0bf951f46f", size = 467389, upload-time = "2025-10-15T19:12:25.262Z" }
wheels = [
    { url = "https://files.pythonhosted.org/packages/bc/9a/f901858f139694dd669776983781b08a7c1717911025da6720e526bd8ce3/hypothesis-6.141.1-py3-none-any.whl", hash = "sha256:a5b3c39c16d98b7b4c3c5c8d4262e511e3b2255e6814ced8023af49087ad60b3", size = 535000, upload-time = "2025-10-15T19:12:21.659Z" },
]

[[package]]
name = "hypothesis"
version = "6.142.5"
source = { registry = "https://pypi.org/simple" }
resolution-markers = [
    "python_full_version >= '3.10'",
]
dependencies = [
    { name = "attrs", marker = "python_full_version >= '3.10'" },
    { name = "exceptiongroup", marker = "python_full_version == '3.10.*'" },
    { name = "sortedcontainers", marker = "python_full_version >= '3.10'" },
]
sdist = { url = "https://files.pythonhosted.org/packages/e5/31/24e8be99d813060a7ab522458fcd843c75a8c0654a8a8996554526af6480/hypothesis-6.142.5.tar.gz", hash = "sha256:7bb5ed8ec3b6ea0c5d2fe92316cc123d7cf9a5f472099a25dc25476e0d3a356c", size = 466042, upload-time = "2025-10-31T07:13:06.208Z" }
wheels = [
    { url = "https://files.pythonhosted.org/packages/e5/cf/211c679639ad396ad7cd348fc2cf54fcf6a5fed90f96a8b92e25ced55230/hypothesis-6.142.5-py3-none-any.whl", hash = "sha256:1871e907c178512d888afe128681b419f642e7c3ddb0f0cb123324d79e1efa2f", size = 533479, upload-time = "2025-10-31T07:13:01.425Z" },
]

[[package]]
name = "iniconfig"
version = "2.0.0"
source = { registry = "https://pypi.org/simple" }
sdist = { url = "https://files.pythonhosted.org/packages/d7/4b/cbd8e699e64a6f16ca3a8220661b5f83792b3017d0f79807cb8708d33913/iniconfig-2.0.0.tar.gz", hash = "sha256:2d91e135bf72d31a410b17c16da610a82cb55f6b0477d1a902134b24a455b8b3", size = 4646, upload-time = "2023-01-07T11:08:11.254Z" }
wheels = [
    { url = "https://files.pythonhosted.org/packages/ef/a6/62565a6e1cf69e10f5727360368e451d4b7f58beeac6173dc9db836a5b46/iniconfig-2.0.0-py3-none-any.whl", hash = "sha256:b6a85871a79d2e3b22d2d1b94ac2824226a63c6b741c88f7ae975f18b6778374", size = 5892, upload-time = "2023-01-07T11:08:09.864Z" },
]

[[package]]
name = "packaging"
version = "24.0"
source = { registry = "https://pypi.org/simple" }
sdist = { url = "https://files.pythonhosted.org/packages/ee/b5/b43a27ac7472e1818c4bafd44430e69605baefe1f34440593e0332ec8b4d/packaging-24.0.tar.gz", hash = "sha256:eb82c5e3e56209074766e6885bb04b8c38a0c015d0a30036ebe7ece34c9989e9", size = 147882, upload-time = "2024-03-10T09:39:28.33Z" }
wheels = [
    { url = "https://files.pythonhosted.org/packages/49/df/1fceb2f8900f8639e278b056416d49134fb8d84c5942ffaa01ad34782422/packaging-24.0-py3-none-any.whl", hash = "sha256:2ddfb553fdf02fb784c234c7ba6ccc288296ceabec964ad2eae3777778130bc5", size = 53488, upload-time = "2024-03-10T09:39:25.947Z" },
]

[[package]]
name = "pluggy"
version = "1.5.0"
source = { registry = "https://pypi.org/simple" }
sdist = { url = "https://files.pythonhosted.org/packages/96/2d/02d4312c973c6050a18b314a5ad0b3210edb65a906f868e31c111dede4a6/pluggy-1.5.0.tar.gz", hash = "sha256:2cffa88e94fdc978c4c574f15f9e59b7f4201d439195c3715ca9e2486f1d0cf1", size = 67955, upload-time = "2024-04-20T21:34:42.531Z" }
wheels = [
    { url = "https://files.pythonhosted.org/packages/88/5f/e351af9a41f866ac3f1fac4ca0613908d9a41741cfcf2228f4ad853b697d/pluggy-1.5.0-py3-none-any.whl", hash = "sha256:44e1ad92c8ca002de6377e165f3e0f1be63266ab4d554740532335b9d75ea669", size = 20556, upload-time = "2024-04-20T21:34:40.434Z" },
]

[[package]]
name = "pygments"
version = "2.19.2"
source = { registry = "https://pypi.org/simple" }
sdist = { url = "https://files.pythonhosted.org/packages/b0/77/a5b8c569bf593b0140bde72ea885a803b82086995367bf2037de0159d924/pygments-2.19.2.tar.gz", hash = "sha256:636cb2477cec7f8952536970bc533bc43743542f70392ae026374600add5b887", size = 4968631, upload-time = "2025-06-21T13:39:12.283Z" }
wheels = [
    { url = "https://files.pythonhosted.org/packages/c7/21/705964c7812476f378728bdf590ca4b771ec72385c533964653c68e86bdc/pygments-2.19.2-py3-none-any.whl", hash = "sha256:86540386c03d588bb81d44bc3928634ff26449851e99741617ecb9037ee5ec0b", size = 1225217, upload-time = "2025-06-21T13:39:07.939Z" },
]

[[package]]
name = "pytest"
version = "8.4.2"
source = { registry = "https://pypi.org/simple" }
dependencies = [
    { name = "colorama", marker = "sys_platform == 'win32'" },
    { name = "exceptiongroup", marker = "python_full_version < '3.11'" },
    { name = "iniconfig" },
    { name = "packaging" },
    { name = "pluggy" },
    { name = "pygments" },
    { name = "tomli", marker = "python_full_version < '3.11'" },
]
sdist = { url = "https://files.pythonhosted.org/packages/a3/5c/00a0e072241553e1a7496d638deababa67c5058571567b92a7eaa258397c/pytest-8.4.2.tar.gz", hash = "sha256:86c0d0b93306b961d58d62a4db4879f27fe25513d4b969df351abdddb3c30e01", size = 1519618, upload-time = "2025-09-04T14:34:22.711Z" }
wheels = [
    { url = "https://files.pythonhosted.org/packages/a8/a4/20da314d277121d6534b3a980b29035dcd51e6744bd79075a6ce8fa4eb8d/pytest-8.4.2-py3-none-any.whl", hash = "sha256:872f880de3fc3a5bdc88a11b39c9710c3497a547cfa9320bc3c5e62fbf272e79", size = 365750, upload-time = "2025-09-04T14:34:20.226Z" },
]

[[package]]
name = "pytest-cov"
version = "5.0.0"
source = { registry = "https://pypi.org/simple" }
dependencies = [
    { name = "coverage", extra = ["toml"] },
    { name = "pytest" },
]
sdist = { url = "https://files.pythonhosted.org/packages/74/67/00efc8d11b630c56f15f4ad9c7f9223f1e5ec275aaae3fa9118c6a223ad2/pytest-cov-5.0.0.tar.gz", hash = "sha256:5837b58e9f6ebd335b0f8060eecce69b662415b16dc503883a02f45dfeb14857", size = 63042, upload-time = "2024-03-24T20:16:34.856Z" }
wheels = [
    { url = "https://files.pythonhosted.org/packages/78/3a/af5b4fa5961d9a1e6237b530eb87dd04aea6eb83da09d2a4073d81b54ccf/pytest_cov-5.0.0-py3-none-any.whl", hash = "sha256:4f0764a1219df53214206bf1feea4633c3b558a2925c8b59f144f682861ce652", size = 21990, upload-time = "2024-03-24T20:16:32.444Z" },
]

[[package]]
name = "python-uv-project-template"
version = "0.1.0"
source = { editable = "." }

[package.dev-dependencies]
dev = [
    { name = "hypothesis", version = "6.141.1", source = { registry = "https://pypi.org/simple" }, marker = "python_full_version < '3.10'" },
    { name = "hypothesis", version = "6.142.5", source = { registry = "https://pypi.org/simple" }, marker = "python_full_version >= '3.10'" },
    { name = "pytest" },
    { name = "pytest-cov" },
    { name = "ruff" },
]

[package.metadata]

[package.metadata.requires-dev]
dev = [
    { name = "hypothesis", specifier = ">=6.91.0,<7" },
    { name = "pytest", specifier = ">=7.4.3,<9.0.0" },
    { name = "pytest-cov", specifier = ">=4.1,<6.0" },
    { name = "ruff", specifier = ">=0.4.7,<0.13.0" },
]

[[package]]
name = "ruff"
version = "0.12.11"
source = { registry = "https://pypi.org/simple" }
sdist = { url = "https://files.pythonhosted.org/packages/de/55/16ab6a7d88d93001e1ae4c34cbdcfb376652d761799459ff27c1dc20f6fa/ruff-0.12.11.tar.gz", hash = "sha256:c6b09ae8426a65bbee5425b9d0b82796dbb07cb1af045743c79bfb163001165d", size = 5347103, upload-time = "2025-08-28T13:59:08.87Z" }
wheels = [
    { url = "https://files.pythonhosted.org/packages/d6/a2/3b3573e474de39a7a475f3fbaf36a25600bfeb238e1a90392799163b64a0/ruff-0.12.11-py3-none-linux_armv6l.whl", hash = "sha256:93fce71e1cac3a8bf9200e63a38ac5c078f3b6baebffb74ba5274fb2ab276065", size = 11979885, upload-time = "2025-08-28T13:58:26.654Z" },
    { url = "https://files.pythonhosted.org/packages/76/e4/235ad6d1785a2012d3ded2350fd9bc5c5af8c6f56820e696b0118dfe7d24/ruff-0.12.11-py3-none-macosx_10_12_x86_64.whl", hash = "sha256:b8e33ac7b28c772440afa80cebb972ffd823621ded90404f29e5ab6d1e2d4b93", size = 12742364, upload-time = "2025-08-28T13:58:30.256Z" },
    { url = "https://files.pythonhosted.org/packages/2c/0d/15b72c5fe6b1e402a543aa9d8960e0a7e19dfb079f5b0b424db48b7febab/ruff-0.12.11-py3-none-macosx_11_0_arm64.whl", hash = "sha256:d69fb9d4937aa19adb2e9f058bc4fbfe986c2040acb1a4a9747734834eaa0bfd", size = 11920111, upload-time = "2025-08-28T13:58:33.677Z" },
    { url = "https://files.pythonhosted.org/packages/3e/c0/f66339d7893798ad3e17fa5a1e587d6fd9806f7c1c062b63f8b09dda6702/ruff-0.12.11-py3-none-manylinux_2_17_aarch64.manylinux2014_aarch64.whl", hash = "sha256:411954eca8464595077a93e580e2918d0a01a19317af0a72132283e28ae21bee", size = 12160060, upload-time = "2025-08-28T13:58:35.74Z" },
    { url = "https://files.pythonhosted.org/packages/03/69/9870368326db26f20c946205fb2d0008988aea552dbaec35fbacbb46efaa/ruff-0.12.11-py3-none-manylinux_2_17_armv7l.manylinux2014_armv7l.whl", hash = "sha256:6a2c0a2e1a450f387bf2c6237c727dd22191ae8c00e448e0672d624b2bbd7fb0", size = 11799848, upload-time = "2025-08-28T13:58:38.051Z" },
    { url = "https://files.pythonhosted.org/packages/25/8c/dd2c7f990e9b3a8a55eee09d4e675027d31727ce33cdb29eab32d025bdc9/ruff-0.12.11-py3-none-manylinux_2_17_i686.manylinux2014_i686.whl", hash = "sha256:8ca4c3a7f937725fd2413c0e884b5248a19369ab9bdd850b5781348ba283f644", size = 13536288, upload-time = "2025-08-28T13:58:40.046Z" },
    { url = "https://files.pythonhosted.org/packages/7a/30/d5496fa09aba59b5e01ea76775a4c8897b13055884f56f1c35a4194c2297/ruff-0.12.11-py3-none-manylinux_2_17_ppc64.manylinux2014_ppc64.whl", hash = "sha256:4d1df0098124006f6a66ecf3581a7f7e754c4df7644b2e6704cd7ca80ff95211", size = 14490633, upload-time = "2025-08-28T13:58:42.285Z" },
    { url = "https://files.pythonhosted.org/packages/9b/2f/81f998180ad53445d403c386549d6946d0748e536d58fce5b5e173511183/ruff-0.12.11-py3-none-manylinux_2_17_ppc64le.manylinux2014_ppc64le.whl", hash = "sha256:5a8dd5f230efc99a24ace3b77e3555d3fbc0343aeed3fc84c8d89e75ab2ff793", size = 13888430, upload-time = "2025-08-28T13:58:44.641Z" },
    { url = "https://files.pythonhosted.org/packages/87/71/23a0d1d5892a377478c61dbbcffe82a3476b050f38b5162171942a029ef3/ruff-0.12.11-py3-none-manylinux_2_17_s390x.manylinux2014_s390x.whl", hash = "sha256:4dc75533039d0ed04cd33fb8ca9ac9620b99672fe7ff1533b6402206901c34ee", size = 12913133, upload-time = "2025-08-28T13:58:47.039Z" },
    { url = "https://files.pythonhosted.org/packages/80/22/3c6cef96627f89b344c933781ed38329bfb87737aa438f15da95907cbfd5/ruff-0.12.11-py3-none-manylinux_2_17_x86_64.manylinux2014_x86_64.whl", hash = "sha256:4fc58f9266d62c6eccc75261a665f26b4ef64840887fc6cbc552ce5b29f96cc8", size = 13169082, upload-time = "2025-08-28T13:58:49.157Z" },
    { url = "https://files.pythonhosted.org/packages/05/b5/68b3ff96160d8b49e8dd10785ff3186be18fd650d356036a3770386e6c7f/ruff-0.12.11-py3-none-manylinux_2_31_riscv64.whl", hash = "sha256:5a0113bd6eafd545146440225fe60b4e9489f59eb5f5f107acd715ba5f0b3d2f", size = 13139490, upload-time = "2025-08-28T13:58:51.593Z" },
    { url = "https://files.pythonhosted.org/packages/59/b9/050a3278ecd558f74f7ee016fbdf10591d50119df8d5f5da45a22c6afafc/ruff-0.12.11-py3-none-musllinux_1_2_aarch64.whl", hash = "sha256:0d737b4059d66295c3ea5720e6efc152623bb83fde5444209b69cd33a53e2000", size = 11958928, upload-time = "2025-08-28T13:58:53.943Z" },
    { url = "https://files.pythonhosted.org/packages/f9/bc/93be37347db854806904a43b0493af8d6873472dfb4b4b8cbb27786eb651/ruff-0.12.11-py3-none-musllinux_1_2_armv7l.whl", hash = "sha256:916fc5defee32dbc1fc1650b576a8fed68f5e8256e2180d4d9855aea43d6aab2", size = 11764513, upload-time = "2025-08-28T13:58:55.976Z" },
    { url = "https://files.pythonhosted.org/packages/7a/a1/1471751e2015a81fd8e166cd311456c11df74c7e8769d4aabfbc7584c7ac/ruff-0.12.11-py3-none-musllinux_1_2_i686.whl", hash = "sha256:c984f07d7adb42d3ded5be894fb4007f30f82c87559438b4879fe7aa08c62b39", size = 12745154, upload-time = "2025-08-28T13:58:58.16Z" },
    { url = "https://files.pythonhosted.org/packages/68/ab/2542b14890d0f4872dd81b7b2a6aed3ac1786fae1ce9b17e11e6df9e31e3/ruff-0.12.11-py3-none-musllinux_1_2_x86_64.whl", hash = "sha256:e07fbb89f2e9249f219d88331c833860489b49cdf4b032b8e4432e9b13e8a4b9", size = 13227653, upload-time = "2025-08-28T13:59:00.276Z" },
    { url = "https://files.pythonhosted.org/packages/22/16/2fbfc61047dbfd009c58a28369a693a1484ad15441723be1cd7fe69bb679/ruff-0.12.11-py3-none-win32.whl", hash = "sha256:c792e8f597c9c756e9bcd4d87cf407a00b60af77078c96f7b6366ea2ce9ba9d3", size = 11944270, upload-time = "2025-08-28T13:59:02.347Z" },
    { url = "https://files.pythonhosted.org/packages/08/a5/34276984705bfe069cd383101c45077ee029c3fe3b28225bf67aa35f0647/ruff-0.12.11-py3-none-win_amd64.whl", hash = "sha256:a3283325960307915b6deb3576b96919ee89432ebd9c48771ca12ee8afe4a0fd", size = 13046600, upload-time = "2025-08-28T13:59:04.751Z" },
    { url = "https://files.pythonhosted.org/packages/84/a8/001d4a7c2b37623a3fd7463208267fb906df40ff31db496157549cfd6e72/ruff-0.12.11-py3-none-win_arm64.whl", hash = "sha256:bae4d6e6a2676f8fb0f98b74594a048bae1b944aab17e9f5d504062303c6dbea", size = 12135290, upload-time = "2025-08-28T13:59:06.933Z" },
]

[[package]]
name = "sortedcontainers"
version = "2.4.0"
source = { registry = "https://pypi.org/simple" }
sdist = { url = "https://files.pythonhosted.org/packages/e8/c4/ba2f8066cceb6f23394729afe52f3bf7adec04bf9ed2c820b39e19299111/sortedcontainers-2.4.0.tar.gz", hash = "sha256:25caa5a06cc30b6b83d11423433f65d1f9d76c4c6a0c90e3379eaa43b9bfdb88", size = 30594, upload-time = "2021-05-16T22:03:42.897Z" }
wheels = [
    { url = "https://files.pythonhosted.org/packages/32/46/9cb0e58b2deb7f82b84065f37f3bffeb12413f947f9388e4cac22c4621ce/sortedcontainers-2.4.0-py2.py3-none-any.whl", hash = "sha256:a163dcaede0f1c021485e957a39245190e74249897e2ae4b2aa38595db237ee0", size = 29575, upload-time = "2021-05-16T22:03:41.177Z" },
]

[[package]]
name = "tomli"
version = "2.0.1"
source = { registry = "https://pypi.org/simple" }
sdist = { url = "https://files.pythonhosted.org/packages/c0/3f/d7af728f075fb08564c5949a9c95e44352e23dee646869fa104a3b2060a3/tomli-2.0.1.tar.gz", hash = "sha256:de526c12914f0c550d15924c62d72abc48d6fe7364aa87328337a31007fe8a4f", size = 15164, upload-time = "2022-02-08T10:54:04.006Z" }
wheels = [
    { url = "https://files.pythonhosted.org/packages/97/75/10a9ebee3fd790d20926a90a2547f0bf78f371b2f13aa822c759680ca7b9/tomli-2.0.1-py3-none-any.whl", hash = "sha256:939de3e7a6161af0c887ef91b7d41a53e7c5a1ca976325f429cb46ea9bc30ecc", size = 12757, upload-time = "2022-02-08T10:54:02.017Z" },
]
